# THIS IS AN AUTOGENERATED FILE. DO NOT EDIT THIS FILE DIRECTLY.
# yarn lockfile v1


"@fontsource/yusei-magic@^4.5.12":
  version "4.5.12"
  resolved "https://registry.yarnpkg.com/@fontsource/yusei-magic/-/yusei-magic-4.5.12.tgz#71cd1be1fc691a134637a1669a196cf069395896"
  integrity sha512-KwE1x9KN5iPYYUQU5IPMJqsAdERq60IACAvPiYbmcXW1WXBRKSXuF35jJIgdOH4vJ0GHDAoKK/MKxmDZfaBkxg==
